
Microsoft Visual Studio Solution File, Format Version 12.00
# Visual Studio Version 16
VisualStudioVersion = 16.0.32630.194
MinimumVisualStudioVersion = 10.0.40219.1
Project("{FAE04EC0-301F-11D3-BF4B-00C04F79EFBC}") = "TuLam8.3", "TuLam8.3\TuLam8.3.csproj", "{D14978EE-91D9-4ACA-AD56-78C772368396}"
EndProject
Global
	GlobalSection(SolutionConfigurationPlatforms) = preSolution
		Debug|Any CPU = Debug|Any CPU
		Release|Any CPU = Release|Any CPU
	EndGlobalSection
	GlobalSection(ProjectConfigurationPlatforms) = postSolution
		{D14978EE-91D9-4ACA-AD56-78C772368396}.Debug|Any CPU.ActiveCfg = Debug|Any CPU
		{D14978EE-91D9-4ACA-AD56-78C772368396}.Debug|Any CPU.Build.0 = Debug|Any CPU
		{D14978EE-91D9-4ACA-AD56-78C772368396}.Release|Any CPU.ActiveCfg = Release|Any CPU
		{D14978EE-91D9-4ACA-AD56-78C772368396}.Release|Any CPU.Build.0 = Release|Any CPU
	EndGlobalSection
	GlobalSection(SolutionProperties) = preSolution
		HideSolutionNode = FALSE
	EndGlobalSection
	GlobalSection(ExtensibilityGlobals) = postSolution
		SolutionGuid = {C9FDB1C7-BD96-4C94-8AE0-E137226D92A2}
	EndGlobalSection
EndGlobal
