
Microsoft Visual Studio Solution File, Format Version 12.00
# Visual Studio Version 16
VisualStudioVersion = 16.0.32630.194
MinimumVisualStudioVersion = 10.0.40219.1
Project("{FAE04EC0-301F-11D3-BF4B-00C04F79EFBC}") = "TuLam6.4", "TuLam6.4\TuLam6.4.csproj", "{F918D221-2C64-43D5-B3C2-7DD2C357DE4E}"
EndProject
Project("{FAE04EC0-301F-11D3-BF4B-00C04F79EFBC}") = "TuLam6.5", "..\TuLam6.5\TuLam6.5\TuLam6.5.csproj", "{39D5871A-D902-47F2-86FD-C496CAB2F899}"
EndProject
Global
	GlobalSection(SolutionConfigurationPlatforms) = preSolution
		Debug|Any CPU = Debug|Any CPU
		Release|Any CPU = Release|Any CPU
	EndGlobalSection
	GlobalSection(ProjectConfigurationPlatforms) = postSolution
		{F918D221-2C64-43D5-B3C2-7DD2C357DE4E}.Debug|Any CPU.ActiveCfg = Debug|Any CPU
		{F918D221-2C64-43D5-B3C2-7DD2C357DE4E}.Debug|Any CPU.Build.0 = Debug|Any CPU
		{F918D221-2C64-43D5-B3C2-7DD2C357DE4E}.Release|Any CPU.ActiveCfg = Release|Any CPU
		{F918D221-2C64-43D5-B3C2-7DD2C357DE4E}.Release|Any CPU.Build.0 = Release|Any CPU
		{39D5871A-D902-47F2-86FD-C496CAB2F899}.Debug|Any CPU.ActiveCfg = Debug|Any CPU
		{39D5871A-D902-47F2-86FD-C496CAB2F899}.Debug|Any CPU.Build.0 = Debug|Any CPU
		{39D5871A-D902-47F2-86FD-C496CAB2F899}.Release|Any CPU.ActiveCfg = Release|Any CPU
		{39D5871A-D902-47F2-86FD-C496CAB2F899}.Release|Any CPU.Build.0 = Release|Any CPU
	EndGlobalSection
	GlobalSection(SolutionProperties) = preSolution
		HideSolutionNode = FALSE
	EndGlobalSection
	GlobalSection(ExtensibilityGlobals) = postSolution
		SolutionGuid = {96A1C8F4-569E-47C4-9D3A-39DDF9F92DCE}
	EndGlobalSection
EndGlobal
