
Microsoft Visual Studio Solution File, Format Version 12.00
# Visual Studio Version 16
VisualStudioVersion = 16.0.32630.194
MinimumVisualStudioVersion = 10.0.40219.1
Project("{FAE04EC0-301F-11D3-BF4B-00C04F79EFBC}") = "TuLam5.2", "TuLam5.2\TuLam5.2.csproj", "{BE2281EA-B669-46E6-92DF-780FC634C266}"
EndProject
Global
	GlobalSection(SolutionConfigurationPlatforms) = preSolution
		Debug|Any CPU = Debug|Any CPU
		Release|Any CPU = Release|Any CPU
	EndGlobalSection
	GlobalSection(ProjectConfigurationPlatforms) = postSolution
		{BE2281EA-B669-46E6-92DF-780FC634C266}.Debug|Any CPU.ActiveCfg = Debug|Any CPU
		{BE2281EA-B669-46E6-92DF-780FC634C266}.Debug|Any CPU.Build.0 = Debug|Any CPU
		{BE2281EA-B669-46E6-92DF-780FC634C266}.Release|Any CPU.ActiveCfg = Release|Any CPU
		{BE2281EA-B669-46E6-92DF-780FC634C266}.Release|Any CPU.Build.0 = Release|Any CPU
	EndGlobalSection
	GlobalSection(SolutionProperties) = preSolution
		HideSolutionNode = FALSE
	EndGlobalSection
	GlobalSection(ExtensibilityGlobals) = postSolution
		SolutionGuid = {B3B9EB19-9F8A-4033-94F4-0695631AD450}
	EndGlobalSection
EndGlobal
