
Microsoft Visual Studio Solution File, Format Version 12.00
# Visual Studio Version 16
VisualStudioVersion = 16.0.32630.194
MinimumVisualStudioVersion = 10.0.40219.1
Project("{FAE04EC0-301F-11D3-BF4B-00C04F79EFBC}") = "Mau8.2", "Mau8.2\Mau8.2.csproj", "{FB07848C-91F9-43D8-9DEE-F1F939569C07}"
EndProject
Global
	GlobalSection(SolutionConfigurationPlatforms) = preSolution
		Debug|Any CPU = Debug|Any CPU
		Release|Any CPU = Release|Any CPU
	EndGlobalSection
	GlobalSection(ProjectConfigurationPlatforms) = postSolution
		{FB07848C-91F9-43D8-9DEE-F1F939569C07}.Debug|Any CPU.ActiveCfg = Debug|Any CPU
		{FB07848C-91F9-43D8-9DEE-F1F939569C07}.Debug|Any CPU.Build.0 = Debug|Any CPU
		{FB07848C-91F9-43D8-9DEE-F1F939569C07}.Release|Any CPU.ActiveCfg = Release|Any CPU
		{FB07848C-91F9-43D8-9DEE-F1F939569C07}.Release|Any CPU.Build.0 = Release|Any CPU
	EndGlobalSection
	GlobalSection(SolutionProperties) = preSolution
		HideSolutionNode = FALSE
	EndGlobalSection
	GlobalSection(ExtensibilityGlobals) = postSolution
		SolutionGuid = {AADFDA4F-2EC2-4AEC-8D1B-3F1BAE367860}
	EndGlobalSection
EndGlobal
