
Microsoft Visual Studio Solution File, Format Version 12.00
# Visual Studio Version 16
VisualStudioVersion = 16.0.32630.194
MinimumVisualStudioVersion = 10.0.40219.1
Project("{FAE04EC0-301F-11D3-BF4B-00C04F79EFBC}") = "Mau4.1", "Mau4.1\Mau4.1.csproj", "{78F5CBF7-44B3-4D28-A5B3-67730B62CD47}"
EndProject
Global
	GlobalSection(SolutionConfigurationPlatforms) = preSolution
		Debug|Any CPU = Debug|Any CPU
		Release|Any CPU = Release|Any CPU
	EndGlobalSection
	GlobalSection(ProjectConfigurationPlatforms) = postSolution
		{78F5CBF7-44B3-4D28-A5B3-67730B62CD47}.Debug|Any CPU.ActiveCfg = Debug|Any CPU
		{78F5CBF7-44B3-4D28-A5B3-67730B62CD47}.Debug|Any CPU.Build.0 = Debug|Any CPU
		{78F5CBF7-44B3-4D28-A5B3-67730B62CD47}.Release|Any CPU.ActiveCfg = Release|Any CPU
		{78F5CBF7-44B3-4D28-A5B3-67730B62CD47}.Release|Any CPU.Build.0 = Release|Any CPU
	EndGlobalSection
	GlobalSection(SolutionProperties) = preSolution
		HideSolutionNode = FALSE
	EndGlobalSection
	GlobalSection(ExtensibilityGlobals) = postSolution
		SolutionGuid = {1473DAA7-43A1-4093-A3C2-708DE2BBE18E}
	EndGlobalSection
EndGlobal
