
Microsoft Visual Studio Solution File, Format Version 12.00
# Visual Studio Version 16
VisualStudioVersion = 16.0.32630.194
MinimumVisualStudioVersion = 10.0.40219.1
Project("{FAE04EC0-301F-11D3-BF4B-00C04F79EFBC}") = "Mau6.3", "Mau6.3\Mau6.3.csproj", "{323ABDFF-652D-48E4-BAFD-47CB434C0CDC}"
EndProject
Global
	GlobalSection(SolutionConfigurationPlatforms) = preSolution
		Debug|Any CPU = Debug|Any CPU
		Release|Any CPU = Release|Any CPU
	EndGlobalSection
	GlobalSection(ProjectConfigurationPlatforms) = postSolution
		{323ABDFF-652D-48E4-BAFD-47CB434C0CDC}.Debug|Any CPU.ActiveCfg = Debug|Any CPU
		{323ABDFF-652D-48E4-BAFD-47CB434C0CDC}.Debug|Any CPU.Build.0 = Debug|Any CPU
		{323ABDFF-652D-48E4-BAFD-47CB434C0CDC}.Release|Any CPU.ActiveCfg = Release|Any CPU
		{323ABDFF-652D-48E4-BAFD-47CB434C0CDC}.Release|Any CPU.Build.0 = Release|Any CPU
	EndGlobalSection
	GlobalSection(SolutionProperties) = preSolution
		HideSolutionNode = FALSE
	EndGlobalSection
	GlobalSection(ExtensibilityGlobals) = postSolution
		SolutionGuid = {7DB773C8-46FB-4C99-ABBC-3CD28F375A53}
	EndGlobalSection
EndGlobal
