
Microsoft Visual Studio Solution File, Format Version 12.00
# Visual Studio Version 16
VisualStudioVersion = 16.0.32630.194
MinimumVisualStudioVersion = 10.0.40219.1
Project("{9A19103F-16F7-4668-BE54-9A1E7A4F7556}") = "Mau6.4", "TuLam6.4\Mau6.4.csproj", "{08B74EAE-5A38-44B8-972E-F5D4D51F8DA7}"
EndProject
Global
	GlobalSection(SolutionConfigurationPlatforms) = preSolution
		Debug|Any CPU = Debug|Any CPU
		Release|Any CPU = Release|Any CPU
	EndGlobalSection
	GlobalSection(ProjectConfigurationPlatforms) = postSolution
		{08B74EAE-5A38-44B8-972E-F5D4D51F8DA7}.Debug|Any CPU.ActiveCfg = Debug|Any CPU
		{08B74EAE-5A38-44B8-972E-F5D4D51F8DA7}.Debug|Any CPU.Build.0 = Debug|Any CPU
		{08B74EAE-5A38-44B8-972E-F5D4D51F8DA7}.Release|Any CPU.ActiveCfg = Release|Any CPU
		{08B74EAE-5A38-44B8-972E-F5D4D51F8DA7}.Release|Any CPU.Build.0 = Release|Any CPU
	EndGlobalSection
	GlobalSection(SolutionProperties) = preSolution
		HideSolutionNode = FALSE
	EndGlobalSection
	GlobalSection(ExtensibilityGlobals) = postSolution
		SolutionGuid = {B3F76C8D-4B52-4823-87E8-9E71EF70D9AA}
	EndGlobalSection
EndGlobal
