
Microsoft Visual Studio Solution File, Format Version 12.00
# Visual Studio Version 16
VisualStudioVersion = 16.0.32630.194
MinimumVisualStudioVersion = 10.0.40219.1
Project("{FAE04EC0-301F-11D3-BF4B-00C04F79EFBC}") = "Mau6.1", "Mau6.1\Mau6.1.csproj", "{D0FED147-B95E-49A0-A1B7-161169BD5827}"
EndProject
Global
	GlobalSection(SolutionConfigurationPlatforms) = preSolution
		Debug|Any CPU = Debug|Any CPU
		Release|Any CPU = Release|Any CPU
	EndGlobalSection
	GlobalSection(ProjectConfigurationPlatforms) = postSolution
		{D0FED147-B95E-49A0-A1B7-161169BD5827}.Debug|Any CPU.ActiveCfg = Debug|Any CPU
		{D0FED147-B95E-49A0-A1B7-161169BD5827}.Debug|Any CPU.Build.0 = Debug|Any CPU
		{D0FED147-B95E-49A0-A1B7-161169BD5827}.Release|Any CPU.ActiveCfg = Release|Any CPU
		{D0FED147-B95E-49A0-A1B7-161169BD5827}.Release|Any CPU.Build.0 = Release|Any CPU
	EndGlobalSection
	GlobalSection(SolutionProperties) = preSolution
		HideSolutionNode = FALSE
	EndGlobalSection
	GlobalSection(ExtensibilityGlobals) = postSolution
		SolutionGuid = {4F8BCC1C-3CC3-46DB-AF00-4DA1219AF74B}
	EndGlobalSection
EndGlobal
