
Microsoft Visual Studio Solution File, Format Version 12.00
# Visual Studio Version 16
VisualStudioVersion = 16.0.32630.194
MinimumVisualStudioVersion = 10.0.40219.1
Project("{FAE04EC0-301F-11D3-BF4B-00C04F79EFBC}") = "TuLam8.1", "TuLam8.1\TuLam8.1.csproj", "{B8C549F2-7231-4148-A818-3DF836F80B5B}"
EndProject
Global
	GlobalSection(SolutionConfigurationPlatforms) = preSolution
		Debug|Any CPU = Debug|Any CPU
		Release|Any CPU = Release|Any CPU
	EndGlobalSection
	GlobalSection(ProjectConfigurationPlatforms) = postSolution
		{B8C549F2-7231-4148-A818-3DF836F80B5B}.Debug|Any CPU.ActiveCfg = Debug|Any CPU
		{B8C549F2-7231-4148-A818-3DF836F80B5B}.Debug|Any CPU.Build.0 = Debug|Any CPU
		{B8C549F2-7231-4148-A818-3DF836F80B5B}.Release|Any CPU.ActiveCfg = Release|Any CPU
		{B8C549F2-7231-4148-A818-3DF836F80B5B}.Release|Any CPU.Build.0 = Release|Any CPU
	EndGlobalSection
	GlobalSection(SolutionProperties) = preSolution
		HideSolutionNode = FALSE
	EndGlobalSection
	GlobalSection(ExtensibilityGlobals) = postSolution
		SolutionGuid = {706ACD9F-926D-4376-A0FB-4A7FD8CA616F}
	EndGlobalSection
EndGlobal
