
Microsoft Visual Studio Solution File, Format Version 12.00
# Visual Studio Version 16
VisualStudioVersion = 16.0.32630.194
MinimumVisualStudioVersion = 10.0.40219.1
Project("{FAE04EC0-301F-11D3-BF4B-00C04F79EFBC}") = "Mau10.3", "Mau10.3\Mau10.3.csproj", "{1A936918-BE4D-4F30-8EF0-8F5D1A8DAF5D}"
EndProject
Global
	GlobalSection(SolutionConfigurationPlatforms) = preSolution
		Debug|Any CPU = Debug|Any CPU
		Release|Any CPU = Release|Any CPU
	EndGlobalSection
	GlobalSection(ProjectConfigurationPlatforms) = postSolution
		{1A936918-BE4D-4F30-8EF0-8F5D1A8DAF5D}.Debug|Any CPU.ActiveCfg = Debug|Any CPU
		{1A936918-BE4D-4F30-8EF0-8F5D1A8DAF5D}.Debug|Any CPU.Build.0 = Debug|Any CPU
		{1A936918-BE4D-4F30-8EF0-8F5D1A8DAF5D}.Release|Any CPU.ActiveCfg = Release|Any CPU
		{1A936918-BE4D-4F30-8EF0-8F5D1A8DAF5D}.Release|Any CPU.Build.0 = Release|Any CPU
	EndGlobalSection
	GlobalSection(SolutionProperties) = preSolution
		HideSolutionNode = FALSE
	EndGlobalSection
	GlobalSection(ExtensibilityGlobals) = postSolution
		SolutionGuid = {FF6B66A4-0251-4BA4-A97A-5BD751383219}
	EndGlobalSection
EndGlobal
