
Microsoft Visual Studio Solution File, Format Version 12.00
# Visual Studio Version 16
VisualStudioVersion = 16.0.32630.194
MinimumVisualStudioVersion = 10.0.40219.1
Project("{FAE04EC0-301F-11D3-BF4B-00C04F79EFBC}") = "Bai5.3", "Bai5.3\Bai5.3.csproj", "{CA674014-2397-4D10-B902-FB5B1A6FC66D}"
EndProject
Global
	GlobalSection(SolutionConfigurationPlatforms) = preSolution
		Debug|Any CPU = Debug|Any CPU
		Release|Any CPU = Release|Any CPU
	EndGlobalSection
	GlobalSection(ProjectConfigurationPlatforms) = postSolution
		{CA674014-2397-4D10-B902-FB5B1A6FC66D}.Debug|Any CPU.ActiveCfg = Debug|Any CPU
		{CA674014-2397-4D10-B902-FB5B1A6FC66D}.Debug|Any CPU.Build.0 = Debug|Any CPU
		{CA674014-2397-4D10-B902-FB5B1A6FC66D}.Release|Any CPU.ActiveCfg = Release|Any CPU
		{CA674014-2397-4D10-B902-FB5B1A6FC66D}.Release|Any CPU.Build.0 = Release|Any CPU
	EndGlobalSection
	GlobalSection(SolutionProperties) = preSolution
		HideSolutionNode = FALSE
	EndGlobalSection
	GlobalSection(ExtensibilityGlobals) = postSolution
		SolutionGuid = {BEE5873E-CCD4-4ABE-A753-A8C601AACD31}
	EndGlobalSection
EndGlobal
