
Microsoft Visual Studio Solution File, Format Version 12.00
# Visual Studio Version 16
VisualStudioVersion = 16.0.32630.194
MinimumVisualStudioVersion = 10.0.40219.1
Project("{FAE04EC0-301F-11D3-BF4B-00C04F79EFBC}") = "TuLam7.1", "TuLam7.1\TuLam7.1.csproj", "{2BCB89B9-0816-4B07-B931-615B46F404FE}"
EndProject
Global
	GlobalSection(SolutionConfigurationPlatforms) = preSolution
		Debug|Any CPU = Debug|Any CPU
		Release|Any CPU = Release|Any CPU
	EndGlobalSection
	GlobalSection(ProjectConfigurationPlatforms) = postSolution
		{2BCB89B9-0816-4B07-B931-615B46F404FE}.Debug|Any CPU.ActiveCfg = Debug|Any CPU
		{2BCB89B9-0816-4B07-B931-615B46F404FE}.Debug|Any CPU.Build.0 = Debug|Any CPU
		{2BCB89B9-0816-4B07-B931-615B46F404FE}.Release|Any CPU.ActiveCfg = Release|Any CPU
		{2BCB89B9-0816-4B07-B931-615B46F404FE}.Release|Any CPU.Build.0 = Release|Any CPU
	EndGlobalSection
	GlobalSection(SolutionProperties) = preSolution
		HideSolutionNode = FALSE
	EndGlobalSection
	GlobalSection(ExtensibilityGlobals) = postSolution
		SolutionGuid = {DD2EA4E0-43B4-4132-B557-8AED1EF127EF}
	EndGlobalSection
EndGlobal
